
Microsoft Visual Studio Solution File, Format Version 12.00
# Visual Studio Version 17
VisualStudioVersion = 17.0.31903.59
MinimumVisualStudioVersion = 10.0.40219.1
Project("{2150E333-8FDC-42A3-9474-1A3956D46DE8}") = "src", "src", "{95BF8592-F545-433D-BF10-3EF16A1A40F4}"
EndProject
Project("{2150E333-8FDC-42A3-9474-1A3956D46DE8}") = "BeanVault.Services", "BeanVault.Services", "{6FC13318-A6E2-40A6-830F-5D9CEF880706}"
EndProject
Project("{2150E333-8FDC-42A3-9474-1A3956D46DE8}") = "BeanVault.Services.CouponService", "BeanVault.Services.CouponService", "{443367F4-B61E-47DB-97D1-9AE8A38570B6}"
EndProject
Project("{FAE04EC0-301F-11D3-BF4B-00C04F79EFBC}") = "BeanVault.Services.CouponService.API", "src\BeanVault.Services\BeanVault.Services.CouponService\BeanVault.Services.CouponService.API\BeanVault.Services.CouponService.API.csproj", "{10E40E8C-4109-49E3-B54F-A5FDFF680F66}"
EndProject
Project("{FAE04EC0-301F-11D3-BF4B-00C04F79EFBC}") = "BeanVault.Services.CouponService.Core", "src\BeanVault.Services\BeanVault.Services.CouponService\BeanVault.Services.CouponService.Core\BeanVault.Services.CouponService.Core.csproj", "{DCFA4E05-75E4-4FF9-83A3-D353D884E69F}"
EndProject
Project("{FAE04EC0-301F-11D3-BF4B-00C04F79EFBC}") = "BeanVault.Services.CouponService.Infrastructure", "src\BeanVault.Services\BeanVault.Services.CouponService\BeanVault.Services.CouponService.Infrastructure\BeanVault.Services.CouponService.Infrastructure.csproj", "{504D84CD-EA9F-40B0-A047-DD6CBC6DE319}"
EndProject
Project("{2150E333-8FDC-42A3-9474-1A3956D46DE8}") = "BeanVault.Services.AuthService", "BeanVault.Services.AuthService", "{5184B6F9-1736-451E-852A-6A7CD0D4DC29}"
EndProject
Project("{FAE04EC0-301F-11D3-BF4B-00C04F79EFBC}") = "BeanVault.Services.AuthService.API", "src\BeanVault.Services\BeanVault.Services.AuthService\BeanVault.Services.AuthService.API\BeanVault.Services.AuthService.API.csproj", "{F03428E0-A537-40F6-98BE-85A2449CEF7E}"
EndProject
Project("{FAE04EC0-301F-11D3-BF4B-00C04F79EFBC}") = "BeanVault.Services.AuthService.Core", "src\BeanVault.Services\BeanVault.Services.AuthService\BeanVault.Services.AuthService.Core\BeanVault.Services.AuthService.Core.csproj", "{7642D1D6-C925-4253-9101-31EA1942B797}"
EndProject
Project("{FAE04EC0-301F-11D3-BF4B-00C04F79EFBC}") = "BeanVault.Services.AuthService.Infrastructure", "src\BeanVault.Services\BeanVault.Services.AuthService\BeanVault.Services.AuthService.Infrastructure\BeanVault.Services.AuthService.Infrastructure.csproj", "{7701F719-C2B0-42A5-9B0F-82084E8E3BD7}"
EndProject
Project("{2150E333-8FDC-42A3-9474-1A3956D46DE8}") = "BeanVault.Services.ProductService", "BeanVault.Services.ProductService", "{61A83F36-A8CC-4144-9316-E09104FC6808}"
EndProject
Project("{FAE04EC0-301F-11D3-BF4B-00C04F79EFBC}") = "BeanVault.Services.ProductService.Infrastructure", "src\BeanVault.Services\BeanVault.Services.ProductService\BeanVault.Services.ProductService.Infrastructure\BeanVault.Services.ProductService.Infrastructure.csproj", "{E9FAD999-5E2D-4BE5-BCDF-5233FDE7909C}"
EndProject
Project("{FAE04EC0-301F-11D3-BF4B-00C04F79EFBC}") = "BeanVault.Services.ProductService.API", "src\BeanVault.Services\BeanVault.Services.ProductService\BeanVault.Services.ProductService.API\BeanVault.Services.ProductService.API.csproj", "{AF157A9C-1BF0-4865-8C9F-9A234A599D1B}"
EndProject
Project("{FAE04EC0-301F-11D3-BF4B-00C04F79EFBC}") = "BeanVault.Services.ProductService.Core", "src\BeanVault.Services\BeanVault.Services.ProductService\BeanVault.Services.ProductService.Core\BeanVault.Services.ProductService.Core.csproj", "{9E207A6C-C4D4-412D-98D1-61824EF26029}"
EndProject
Project("{2150E333-8FDC-42A3-9474-1A3956D46DE8}") = "BeanVault.Services.CartService", "BeanVault.Services.CartService", "{1A560062-A172-4CC1-BE37-C1859E2E2670}"
EndProject
Project("{FAE04EC0-301F-11D3-BF4B-00C04F79EFBC}") = "BeanVault.Services.CartService.API", "src\BeanVault.Services\BeanVault.Services.CartService\BeanVault.Services.CartService.API\BeanVault.Services.CartService.API.csproj", "{6736478A-3F56-4FBE-9E2E-6CFA8B3A0FFC}"
EndProject
Project("{FAE04EC0-301F-11D3-BF4B-00C04F79EFBC}") = "BeanVault.Services.CartService.Core", "src\BeanVault.Services\BeanVault.Services.CartService\BeanVault.Services.CartService.Core\BeanVault.Services.CartService.Core.csproj", "{77C340AB-2988-49AD-ADC8-29D4E8C22EEC}"
EndProject
Project("{FAE04EC0-301F-11D3-BF4B-00C04F79EFBC}") = "BeanVault.Services.CartService.Infrastructure", "src\BeanVault.Services\BeanVault.Services.CartService\BeanVault.Services.CartService.Infrastructure\BeanVault.Services.CartService.Infrastructure.csproj", "{B44E2EC2-FAFF-43CF-8952-9F7EBBD49F83}"
EndProject
Global
	GlobalSection(SolutionConfigurationPlatforms) = preSolution
		Debug|Any CPU = Debug|Any CPU
		Release|Any CPU = Release|Any CPU
	EndGlobalSection
	GlobalSection(SolutionProperties) = preSolution
		HideSolutionNode = FALSE
	EndGlobalSection
	GlobalSection(ProjectConfigurationPlatforms) = postSolution
		{10E40E8C-4109-49E3-B54F-A5FDFF680F66}.Debug|Any CPU.ActiveCfg = Debug|Any CPU
		{10E40E8C-4109-49E3-B54F-A5FDFF680F66}.Debug|Any CPU.Build.0 = Debug|Any CPU
		{10E40E8C-4109-49E3-B54F-A5FDFF680F66}.Release|Any CPU.ActiveCfg = Release|Any CPU
		{10E40E8C-4109-49E3-B54F-A5FDFF680F66}.Release|Any CPU.Build.0 = Release|Any CPU
		{DCFA4E05-75E4-4FF9-83A3-D353D884E69F}.Debug|Any CPU.ActiveCfg = Debug|Any CPU
		{DCFA4E05-75E4-4FF9-83A3-D353D884E69F}.Debug|Any CPU.Build.0 = Debug|Any CPU
		{DCFA4E05-75E4-4FF9-83A3-D353D884E69F}.Release|Any CPU.ActiveCfg = Release|Any CPU
		{DCFA4E05-75E4-4FF9-83A3-D353D884E69F}.Release|Any CPU.Build.0 = Release|Any CPU
		{504D84CD-EA9F-40B0-A047-DD6CBC6DE319}.Debug|Any CPU.ActiveCfg = Debug|Any CPU
		{504D84CD-EA9F-40B0-A047-DD6CBC6DE319}.Debug|Any CPU.Build.0 = Debug|Any CPU
		{504D84CD-EA9F-40B0-A047-DD6CBC6DE319}.Release|Any CPU.ActiveCfg = Release|Any CPU
		{504D84CD-EA9F-40B0-A047-DD6CBC6DE319}.Release|Any CPU.Build.0 = Release|Any CPU
		{F03428E0-A537-40F6-98BE-85A2449CEF7E}.Debug|Any CPU.ActiveCfg = Debug|Any CPU
		{F03428E0-A537-40F6-98BE-85A2449CEF7E}.Debug|Any CPU.Build.0 = Debug|Any CPU
		{F03428E0-A537-40F6-98BE-85A2449CEF7E}.Release|Any CPU.ActiveCfg = Release|Any CPU
		{F03428E0-A537-40F6-98BE-85A2449CEF7E}.Release|Any CPU.Build.0 = Release|Any CPU
		{7642D1D6-C925-4253-9101-31EA1942B797}.Debug|Any CPU.ActiveCfg = Debug|Any CPU
		{7642D1D6-C925-4253-9101-31EA1942B797}.Debug|Any CPU.Build.0 = Debug|Any CPU
		{7642D1D6-C925-4253-9101-31EA1942B797}.Release|Any CPU.ActiveCfg = Release|Any CPU
		{7642D1D6-C925-4253-9101-31EA1942B797}.Release|Any CPU.Build.0 = Release|Any CPU
		{7701F719-C2B0-42A5-9B0F-82084E8E3BD7}.Debug|Any CPU.ActiveCfg = Debug|Any CPU
		{7701F719-C2B0-42A5-9B0F-82084E8E3BD7}.Debug|Any CPU.Build.0 = Debug|Any CPU
		{7701F719-C2B0-42A5-9B0F-82084E8E3BD7}.Release|Any CPU.ActiveCfg = Release|Any CPU
		{7701F719-C2B0-42A5-9B0F-82084E8E3BD7}.Release|Any CPU.Build.0 = Release|Any CPU
		{E9FAD999-5E2D-4BE5-BCDF-5233FDE7909C}.Debug|Any CPU.ActiveCfg = Debug|Any CPU
		{E9FAD999-5E2D-4BE5-BCDF-5233FDE7909C}.Debug|Any CPU.Build.0 = Debug|Any CPU
		{E9FAD999-5E2D-4BE5-BCDF-5233FDE7909C}.Release|Any CPU.ActiveCfg = Release|Any CPU
		{E9FAD999-5E2D-4BE5-BCDF-5233FDE7909C}.Release|Any CPU.Build.0 = Release|Any CPU
		{AF157A9C-1BF0-4865-8C9F-9A234A599D1B}.Debug|Any CPU.ActiveCfg = Debug|Any CPU
		{AF157A9C-1BF0-4865-8C9F-9A234A599D1B}.Debug|Any CPU.Build.0 = Debug|Any CPU
		{AF157A9C-1BF0-4865-8C9F-9A234A599D1B}.Release|Any CPU.ActiveCfg = Release|Any CPU
		{AF157A9C-1BF0-4865-8C9F-9A234A599D1B}.Release|Any CPU.Build.0 = Release|Any CPU
		{9E207A6C-C4D4-412D-98D1-61824EF26029}.Debug|Any CPU.ActiveCfg = Debug|Any CPU
		{9E207A6C-C4D4-412D-98D1-61824EF26029}.Debug|Any CPU.Build.0 = Debug|Any CPU
		{9E207A6C-C4D4-412D-98D1-61824EF26029}.Release|Any CPU.ActiveCfg = Release|Any CPU
		{9E207A6C-C4D4-412D-98D1-61824EF26029}.Release|Any CPU.Build.0 = Release|Any CPU
		{6736478A-3F56-4FBE-9E2E-6CFA8B3A0FFC}.Debug|Any CPU.ActiveCfg = Debug|Any CPU
		{6736478A-3F56-4FBE-9E2E-6CFA8B3A0FFC}.Debug|Any CPU.Build.0 = Debug|Any CPU
		{6736478A-3F56-4FBE-9E2E-6CFA8B3A0FFC}.Release|Any CPU.ActiveCfg = Release|Any CPU
		{6736478A-3F56-4FBE-9E2E-6CFA8B3A0FFC}.Release|Any CPU.Build.0 = Release|Any CPU
		{77C340AB-2988-49AD-ADC8-29D4E8C22EEC}.Debug|Any CPU.ActiveCfg = Debug|Any CPU
		{77C340AB-2988-49AD-ADC8-29D4E8C22EEC}.Debug|Any CPU.Build.0 = Debug|Any CPU
		{77C340AB-2988-49AD-ADC8-29D4E8C22EEC}.Release|Any CPU.ActiveCfg = Release|Any CPU
		{77C340AB-2988-49AD-ADC8-29D4E8C22EEC}.Release|Any CPU.Build.0 = Release|Any CPU
		{B44E2EC2-FAFF-43CF-8952-9F7EBBD49F83}.Debug|Any CPU.ActiveCfg = Debug|Any CPU
		{B44E2EC2-FAFF-43CF-8952-9F7EBBD49F83}.Debug|Any CPU.Build.0 = Debug|Any CPU
		{B44E2EC2-FAFF-43CF-8952-9F7EBBD49F83}.Release|Any CPU.ActiveCfg = Release|Any CPU
		{B44E2EC2-FAFF-43CF-8952-9F7EBBD49F83}.Release|Any CPU.Build.0 = Release|Any CPU
	EndGlobalSection
	GlobalSection(NestedProjects) = preSolution
		{6FC13318-A6E2-40A6-830F-5D9CEF880706} = {95BF8592-F545-433D-BF10-3EF16A1A40F4}
		{443367F4-B61E-47DB-97D1-9AE8A38570B6} = {6FC13318-A6E2-40A6-830F-5D9CEF880706}
		{10E40E8C-4109-49E3-B54F-A5FDFF680F66} = {443367F4-B61E-47DB-97D1-9AE8A38570B6}
		{DCFA4E05-75E4-4FF9-83A3-D353D884E69F} = {443367F4-B61E-47DB-97D1-9AE8A38570B6}
		{504D84CD-EA9F-40B0-A047-DD6CBC6DE319} = {443367F4-B61E-47DB-97D1-9AE8A38570B6}
		{5184B6F9-1736-451E-852A-6A7CD0D4DC29} = {6FC13318-A6E2-40A6-830F-5D9CEF880706}
		{F03428E0-A537-40F6-98BE-85A2449CEF7E} = {5184B6F9-1736-451E-852A-6A7CD0D4DC29}
		{7642D1D6-C925-4253-9101-31EA1942B797} = {5184B6F9-1736-451E-852A-6A7CD0D4DC29}
		{7701F719-C2B0-42A5-9B0F-82084E8E3BD7} = {5184B6F9-1736-451E-852A-6A7CD0D4DC29}
		{61A83F36-A8CC-4144-9316-E09104FC6808} = {6FC13318-A6E2-40A6-830F-5D9CEF880706}
		{E9FAD999-5E2D-4BE5-BCDF-5233FDE7909C} = {61A83F36-A8CC-4144-9316-E09104FC6808}
		{AF157A9C-1BF0-4865-8C9F-9A234A599D1B} = {61A83F36-A8CC-4144-9316-E09104FC6808}
		{9E207A6C-C4D4-412D-98D1-61824EF26029} = {61A83F36-A8CC-4144-9316-E09104FC6808}
		{1A560062-A172-4CC1-BE37-C1859E2E2670} = {6FC13318-A6E2-40A6-830F-5D9CEF880706}
		{6736478A-3F56-4FBE-9E2E-6CFA8B3A0FFC} = {1A560062-A172-4CC1-BE37-C1859E2E2670}
		{77C340AB-2988-49AD-ADC8-29D4E8C22EEC} = {1A560062-A172-4CC1-BE37-C1859E2E2670}
		{B44E2EC2-FAFF-43CF-8952-9F7EBBD49F83} = {1A560062-A172-4CC1-BE37-C1859E2E2670}
	EndGlobalSection
EndGlobal
